
Microsoft Visual Studio Solution File, Format Version 12.00
# Visual Studio Version 17
VisualStudioVersion = 17.2.32526.322
MinimumVisualStudioVersion = 10.0.40219.1
Project("{9A19103F-16F7-4668-BE54-9A1E7A4F7556}") = "OrchestrationPerformance", "OrchestrationPerformance\OrchestrationPerformance.csproj", "{34CCA354-E26F-4A0B-A975-5C51983DA520}"
EndProject
Global
	GlobalSection(SolutionConfigurationPlatforms) = preSolution
		Debug|Any CPU = Debug|Any CPU
		Release|Any CPU = Release|Any CPU
	EndGlobalSection
	GlobalSection(ProjectConfigurationPlatforms) = postSolution
		{34CCA354-E26F-4A0B-A975-5C51983DA520}.Debug|Any CPU.ActiveCfg = Debug|Any CPU
		{34CCA354-E26F-4A0B-A975-5C51983DA520}.Debug|Any CPU.Build.0 = Debug|Any CPU
		{34CCA354-E26F-4A0B-A975-5C51983DA520}.Release|Any CPU.ActiveCfg = Release|Any CPU
		{34CCA354-E26F-4A0B-A975-5C51983DA520}.Release|Any CPU.Build.0 = Release|Any CPU
	EndGlobalSection
	GlobalSection(SolutionProperties) = preSolution
		HideSolutionNode = FALSE
	EndGlobalSection
	GlobalSection(ExtensibilityGlobals) = postSolution
		SolutionGuid = {0F534581-F82A-406F-96F4-4CB73F6F24B1}
	EndGlobalSection
EndGlobal
